
Microsoft Visual Studio Solution File, Format Version 12.00
# Visual Studio Version 16
VisualStudioVersion = 16.0.31624.102
MinimumVisualStudioVersion = 10.0.40219.1
Project("{FAE04EC0-301F-11D3-BF4B-00C04F79EFBC}") = "Lab4_Movement", "Lab4_Movement\Lab4_Movement.csproj", "{92E644EC-B138-48AD-AA1B-764D17FAFC3A}"
EndProject
Global
	GlobalSection(SolutionConfigurationPlatforms) = preSolution
		Debug|Any CPU = Debug|Any CPU
		Release|Any CPU = Release|Any CPU
	EndGlobalSection
	GlobalSection(ProjectConfigurationPlatforms) = postSolution
		{92E644EC-B138-48AD-AA1B-764D17FAFC3A}.Debug|Any CPU.ActiveCfg = Debug|Any CPU
		{92E644EC-B138-48AD-AA1B-764D17FAFC3A}.Debug|Any CPU.Build.0 = Debug|Any CPU
		{92E644EC-B138-48AD-AA1B-764D17FAFC3A}.Release|Any CPU.ActiveCfg = Release|Any CPU
		{92E644EC-B138-48AD-AA1B-764D17FAFC3A}.Release|Any CPU.Build.0 = Release|Any CPU
	EndGlobalSection
	GlobalSection(SolutionProperties) = preSolution
		HideSolutionNode = FALSE
	EndGlobalSection
	GlobalSection(ExtensibilityGlobals) = postSolution
		SolutionGuid = {4A80A811-6EC0-449A-B4DC-DB75BA8B302F}
	EndGlobalSection
EndGlobal
